PODS:
  - LRLibHelper (0.1.4):
    - Masonry
  - Masonry (1.1.0)

DEPENDENCIES:
  - LRLibHelper (from `../`)

SPEC REPOS:
  trunk:
    - Masonry

EXTERNAL SOURCES:
  LRLibHelper:
    :path: "../"

SPEC CHECKSUMS:
  LRLibHelper: 422946578287cfc3104c8ab7a6347ba1a3841c8c
  Masonry: 678fab65091a9290e40e2832a55e7ab731aad201

PODFILE CHECKSUM: 4579f9dfa78b7986432b7b6dea585fb2318154d1

COCOAPODS: 1.11.2
